
Microsoft Visual Studio Solution File, Format Version 12.00
# Visual Studio Version 17
VisualStudioVersion = 17.5.33502.453
MinimumVisualStudioVersion = 10.0.40219.1
Project("{54A90642-561A-4BB1-A94E-469ADEE60C69}") = "vueapp", "vueapp\vueapp.esproj", "{EBF86402-A1F7-4A3C-AF46-1836986D1CE8}"
EndProject
Project("{9A19103F-16F7-4668-BE54-9A1E7A4F7556}") = "webapi", "webapi\webapi.csproj", "{FA191838-9BAB-4119-8B26-E39D75BB6B5C}"
EndProject
Project("{9A19103F-16F7-4668-BE54-9A1E7A4F7556}") = "webapi.DL", "webapi.DL\webapi.DL.csproj", "{E2B2CB5A-5E59-45F0-90BE-B374B559C14C}"
	ProjectSection(ProjectDependencies) = postProject
		{24D72CFC-565B-40C8-A2CB-376DB940E167} = {24D72CFC-565B-40C8-A2CB-376DB940E167}
	EndProjectSection
EndProject
Project("{FAE04EC0-301F-11D3-BF4B-00C04F79EFBC}") = "webapi.DAL", "webapi.DAL\webapi.DAL.csproj", "{24D72CFC-565B-40C8-A2CB-376DB940E167}"
EndProject
Project("{FAE04EC0-301F-11D3-BF4B-00C04F79EFBC}") = "ThatsTime.Tests", "ThatsTime.Tests\ThatsTime.Tests.csproj", "{43031053-06D4-4366-9016-5A3B03324556}"
EndProject
Global
	GlobalSection(SolutionConfigurationPlatforms) = preSolution
		Debug|Any CPU = Debug|Any CPU
		Debug|arm64 = Debug|arm64
		Debug|x86 = Debug|x86
		Release|Any CPU = Release|Any CPU
		Release|arm64 = Release|arm64
		Release|x86 = Release|x86
	EndGlobalSection
	GlobalSection(ProjectConfigurationPlatforms) = postSolution
		{EBF86402-A1F7-4A3C-AF46-1836986D1CE8}.Debug|Any CPU.ActiveCfg = Debug|Any CPU
		{EBF86402-A1F7-4A3C-AF46-1836986D1CE8}.Debug|Any CPU.Deploy.0 = Debug|Any CPU
		{EBF86402-A1F7-4A3C-AF46-1836986D1CE8}.Debug|arm64.ActiveCfg = Debug|Any CPU
		{EBF86402-A1F7-4A3C-AF46-1836986D1CE8}.Debug|arm64.Build.0 = Debug|Any CPU
		{EBF86402-A1F7-4A3C-AF46-1836986D1CE8}.Debug|arm64.Deploy.0 = Debug|Any CPU
		{EBF86402-A1F7-4A3C-AF46-1836986D1CE8}.Debug|x86.ActiveCfg = Debug|Any CPU
		{EBF86402-A1F7-4A3C-AF46-1836986D1CE8}.Debug|x86.Build.0 = Debug|Any CPU
		{EBF86402-A1F7-4A3C-AF46-1836986D1CE8}.Debug|x86.Deploy.0 = Debug|Any CPU
		{EBF86402-A1F7-4A3C-AF46-1836986D1CE8}.Release|Any CPU.ActiveCfg = Release|Any CPU
		{EBF86402-A1F7-4A3C-AF46-1836986D1CE8}.Release|Any CPU.Build.0 = Release|Any CPU
		{EBF86402-A1F7-4A3C-AF46-1836986D1CE8}.Release|Any CPU.Deploy.0 = Release|Any CPU
		{EBF86402-A1F7-4A3C-AF46-1836986D1CE8}.Release|arm64.ActiveCfg = Release|Any CPU
		{EBF86402-A1F7-4A3C-AF46-1836986D1CE8}.Release|arm64.Build.0 = Release|Any CPU
		{EBF86402-A1F7-4A3C-AF46-1836986D1CE8}.Release|arm64.Deploy.0 = Release|Any CPU
		{EBF86402-A1F7-4A3C-AF46-1836986D1CE8}.Release|x86.ActiveCfg = Release|Any CPU
		{EBF86402-A1F7-4A3C-AF46-1836986D1CE8}.Release|x86.Build.0 = Release|Any CPU
		{EBF86402-A1F7-4A3C-AF46-1836986D1CE8}.Release|x86.Deploy.0 = Release|Any CPU
		{FA191838-9BAB-4119-8B26-E39D75BB6B5C}.Debug|Any CPU.ActiveCfg = Debug|Any CPU
		{FA191838-9BAB-4119-8B26-E39D75BB6B5C}.Debug|Any CPU.Build.0 = Debug|Any CPU
		{FA191838-9BAB-4119-8B26-E39D75BB6B5C}.Debug|arm64.ActiveCfg = Debug|Any CPU
		{FA191838-9BAB-4119-8B26-E39D75BB6B5C}.Debug|arm64.Build.0 = Debug|Any CPU
		{FA191838-9BAB-4119-8B26-E39D75BB6B5C}.Debug|x86.ActiveCfg = Debug|Any CPU
		{FA191838-9BAB-4119-8B26-E39D75BB6B5C}.Debug|x86.Build.0 = Debug|Any CPU
		{FA191838-9BAB-4119-8B26-E39D75BB6B5C}.Release|Any CPU.ActiveCfg = Release|Any CPU
		{FA191838-9BAB-4119-8B26-E39D75BB6B5C}.Release|Any CPU.Build.0 = Release|Any CPU
		{FA191838-9BAB-4119-8B26-E39D75BB6B5C}.Release|arm64.ActiveCfg = Release|Any CPU
		{FA191838-9BAB-4119-8B26-E39D75BB6B5C}.Release|arm64.Build.0 = Release|Any CPU
		{FA191838-9BAB-4119-8B26-E39D75BB6B5C}.Release|x86.ActiveCfg = Release|Any CPU
		{FA191838-9BAB-4119-8B26-E39D75BB6B5C}.Release|x86.Build.0 = Release|Any CPU
		{E2B2CB5A-5E59-45F0-90BE-B374B559C14C}.Debug|Any CPU.ActiveCfg = Debug|Any CPU
		{E2B2CB5A-5E59-45F0-90BE-B374B559C14C}.Debug|Any CPU.Build.0 = Debug|Any CPU
		{E2B2CB5A-5E59-45F0-90BE-B374B559C14C}.Debug|arm64.ActiveCfg = Debug|Any CPU
		{E2B2CB5A-5E59-45F0-90BE-B374B559C14C}.Debug|arm64.Build.0 = Debug|Any CPU
		{E2B2CB5A-5E59-45F0-90BE-B374B559C14C}.Debug|x86.ActiveCfg = Debug|Any CPU
		{E2B2CB5A-5E59-45F0-90BE-B374B559C14C}.Debug|x86.Build.0 = Debug|Any CPU
		{E2B2CB5A-5E59-45F0-90BE-B374B559C14C}.Release|Any CPU.ActiveCfg = Release|Any CPU
		{E2B2CB5A-5E59-45F0-90BE-B374B559C14C}.Release|Any CPU.Build.0 = Release|Any CPU
		{E2B2CB5A-5E59-45F0-90BE-B374B559C14C}.Release|arm64.ActiveCfg = Release|Any CPU
		{E2B2CB5A-5E59-45F0-90BE-B374B559C14C}.Release|arm64.Build.0 = Release|Any CPU
		{E2B2CB5A-5E59-45F0-90BE-B374B559C14C}.Release|x86.ActiveCfg = Release|Any CPU
		{E2B2CB5A-5E59-45F0-90BE-B374B559C14C}.Release|x86.Build.0 = Release|Any CPU
		{24D72CFC-565B-40C8-A2CB-376DB940E167}.Debug|Any CPU.ActiveCfg = Debug|Any CPU
		{24D72CFC-565B-40C8-A2CB-376DB940E167}.Debug|Any CPU.Build.0 = Debug|Any CPU
		{24D72CFC-565B-40C8-A2CB-376DB940E167}.Debug|arm64.ActiveCfg = Debug|Any CPU
		{24D72CFC-565B-40C8-A2CB-376DB940E167}.Debug|arm64.Build.0 = Debug|Any CPU
		{24D72CFC-565B-40C8-A2CB-376DB940E167}.Debug|x86.ActiveCfg = Debug|Any CPU
		{24D72CFC-565B-40C8-A2CB-376DB940E167}.Debug|x86.Build.0 = Debug|Any CPU
		{24D72CFC-565B-40C8-A2CB-376DB940E167}.Release|Any CPU.ActiveCfg = Release|Any CPU
		{24D72CFC-565B-40C8-A2CB-376DB940E167}.Release|Any CPU.Build.0 = Release|Any CPU
		{24D72CFC-565B-40C8-A2CB-376DB940E167}.Release|arm64.ActiveCfg = Release|Any CPU
		{24D72CFC-565B-40C8-A2CB-376DB940E167}.Release|arm64.Build.0 = Release|Any CPU
		{24D72CFC-565B-40C8-A2CB-376DB940E167}.Release|x86.ActiveCfg = Release|Any CPU
		{24D72CFC-565B-40C8-A2CB-376DB940E167}.Release|x86.Build.0 = Release|Any CPU
		{43031053-06D4-4366-9016-5A3B03324556}.Debug|Any CPU.ActiveCfg = Debug|Any CPU
		{43031053-06D4-4366-9016-5A3B03324556}.Debug|Any CPU.Build.0 = Debug|Any CPU
		{43031053-06D4-4366-9016-5A3B03324556}.Debug|arm64.ActiveCfg = Debug|Any CPU
		{43031053-06D4-4366-9016-5A3B03324556}.Debug|arm64.Build.0 = Debug|Any CPU
		{43031053-06D4-4366-9016-5A3B03324556}.Debug|x86.ActiveCfg = Debug|Any CPU
		{43031053-06D4-4366-9016-5A3B03324556}.Debug|x86.Build.0 = Debug|Any CPU
		{43031053-06D4-4366-9016-5A3B03324556}.Release|Any CPU.ActiveCfg = Release|Any CPU
		{43031053-06D4-4366-9016-5A3B03324556}.Release|Any CPU.Build.0 = Release|Any CPU
		{43031053-06D4-4366-9016-5A3B03324556}.Release|arm64.ActiveCfg = Release|Any CPU
		{43031053-06D4-4366-9016-5A3B03324556}.Release|arm64.Build.0 = Release|Any CPU
		{43031053-06D4-4366-9016-5A3B03324556}.Release|x86.ActiveCfg = Release|Any CPU
		{43031053-06D4-4366-9016-5A3B03324556}.Release|x86.Build.0 = Release|Any CPU
	EndGlobalSection
	GlobalSection(SolutionProperties) = preSolution
		HideSolutionNode = FALSE
	EndGlobalSection
	GlobalSection(ExtensibilityGlobals) = postSolution
		SolutionGuid = {31514DBA-083A-4C57-80ED-98EBBFBB8CE3}
	EndGlobalSection
EndGlobal
